
Microsoft Visual Studio Solution File, Format Version 12.00
# Visual Studio Version 16
VisualStudioVersion = 16.0.31624.102
MinimumVisualStudioVersion = 10.0.40219.1
Project("{FAE04EC0-301F-11D3-BF4B-00C04F79EFBC}") = "MinegamesAntiCheat", "MinegamesAntiCheat\MinegamesAntiCheat.csproj", "{BEDCED4F-8C1B-438A-BC99-E44AC315226D}"
EndProject
Global
	GlobalSection(SolutionConfigurationPlatforms) = preSolution
		Debug|Any CPU = Debug|Any CPU
		Release|Any CPU = Release|Any CPU
	EndGlobalSection
	GlobalSection(ProjectConfigurationPlatforms) = postSolution
		{BEDCED4F-8C1B-438A-BC99-E44AC315226D}.Debug|Any CPU.ActiveCfg = Debug|Any CPU
		{BEDCED4F-8C1B-438A-BC99-E44AC315226D}.Debug|Any CPU.Build.0 = Debug|Any CPU
		{BEDCED4F-8C1B-438A-BC99-E44AC315226D}.Release|Any CPU.ActiveCfg = Release|Any CPU
		{BEDCED4F-8C1B-438A-BC99-E44AC315226D}.Release|Any CPU.Build.0 = Release|Any CPU
	EndGlobalSection
	GlobalSection(SolutionProperties) = preSolution
		HideSolutionNode = FALSE
	EndGlobalSection
	GlobalSection(ExtensibilityGlobals) = postSolution
		SolutionGuid = {FFF44005-61B8-4F41-B2D8-6EEC530ABEA1}
	EndGlobalSection
EndGlobal
